
Microsoft Visual Studio Solution File, Format Version 12.00
# Visual Studio 15
VisualStudioVersion = 15.0.27428.2043
MinimumVisualStudioVersion = 10.0.40219.1
Project("{E24C65DC-7377-472B-9ABA-BC803B73C61A}") = "spurloag_IT3047C", "spurloag_IT3047C\", "{9BAF7624-4497-4EE4-93FF-ED2F86F1716B}"
	ProjectSection(WebsiteProperties) = preProject
		TargetFrameworkMoniker = ".NETFramework,Version%3Dv4.5"
		Debug.AspNetCompiler.VirtualPath = "/localhost_11025"
		Debug.AspNetCompiler.PhysicalPath = "spurloag_IT3047C\"
		Debug.AspNetCompiler.TargetPath = "PrecompiledWeb\localhost_11025\"
		Debug.AspNetCompiler.Updateable = "true"
		Debug.AspNetCompiler.ForceOverwrite = "true"
		Debug.AspNetCompiler.FixedNames = "false"
		Debug.AspNetCompiler.Debug = "True"
		Release.AspNetCompiler.VirtualPath = "/localhost_11025"
		Release.AspNetCompiler.PhysicalPath = "spurloag_IT3047C\"
		Release.AspNetCompiler.TargetPath = "PrecompiledWeb\localhost_11025\"
		Release.AspNetCompiler.Updateable = "true"
		Release.AspNetCompiler.ForceOverwrite = "true"
		Release.AspNetCompiler.FixedNames = "false"
		Release.AspNetCompiler.Debug = "False"
		VWDPort = "11025"
		SlnRelativePath = "spurloag_IT3047C\"
		DefaultWebSiteLanguage = "Visual C#"
	EndProjectSection
EndProject
Global
	GlobalSection(SolutionConfigurationPlatforms) = preSolution
		Debug|Any CPU = Debug|Any CPU
	EndGlobalSection
	GlobalSection(ProjectConfigurationPlatforms) = postSolution
		{9BAF7624-4497-4EE4-93FF-ED2F86F1716B}.Debug|Any CPU.ActiveCfg = Debug|Any CPU
		{9BAF7624-4497-4EE4-93FF-ED2F86F1716B}.Debug|Any CPU.Build.0 = Debug|Any CPU
	EndGlobalSection
	GlobalSection(SolutionProperties) = preSolution
		HideSolutionNode = FALSE
	EndGlobalSection
	GlobalSection(ExtensibilityGlobals) = postSolution
		SolutionGuid = {F38F1BDE-59F5-4FEB-9E80-155ECBB1CE0B}
	EndGlobalSection
EndGlobal
